// !$*UTF8*$!
{
	archiveVersion = 1;
	classes = {
	};
	objectVersion = 48;
	objects = {

/* Begin PBXBuildFile section */
		D86655AC1FDD22D200A8A01E /* AppDelegate.m in Sources */ = {isa = PBXBuildFile; fileRef = D86655AB1FDD22D200A8A01E /* AppDelegate.m */; };
		D86655AF1FDD22D200A8A01E /* ViewController.m in Sources */ = {isa = PBXBuildFile; fileRef = D86655AE1FDD22D200A8A01E /* ViewController.m */; };
		D86655B21FDD22D200A8A01E /* Main.storyboard in Resources */ = {isa = PBXBuildFile; fileRef = D86655B01FDD22D200A8A01E /* Main.storyboard */; };
		D86655B41FDD22D200A8A01E /* Assets.xcassets in Resources */ = {isa = PBXBuildFile; fileRef = D86655B31FDD22D200A8A01E /* Assets.xcassets */; };
		D86655B71FDD22D200A8A01E /* LaunchScreen.storyboard in Resources */ = {isa = PBXBuildFile; fileRef = D86655B51FDD22D200A8A01E /* LaunchScreen.storyboard */; };
		D86655BA1FDD22D200A8A01E /* main.m in Sources */ = {isa = PBXBuildFile; fileRef = D86655B91FDD22D200A8A01E /* main.m */; };
		D875D4BB1FEE6D27003E680B /* NotificationService.m in Sources */ = {isa = PBXBuildFile; fileRef = D875D4BA1FEE6D27003E680B /* NotificationService.m */; };
		D875D4BF1FEE6D27003E680B /* NotificationServiceExtension.appex in Embed App Extensions */ = {isa = PBXBuildFile; fileRef = D875D4B71FEE6D27003E680B /* NotificationServiceExtension.appex */; settings = {ATTRIBUTES = (RemoveHeadersOnCopy, ); }; };
		D878DB661FDD4C3900D8ECA5 /* RegisterClient.m in Sources */ = {isa = PBXBuildFile; fileRef = D878DB651FDD4C3900D8ECA5 /* RegisterClient.m */; };
/* End PBXBuildFile section */

/* Begin PBXContainerItemProxy section */
		D875D4BD1FEE6D27003E680B /* PBXContainerItemProxy */ = {
			isa = PBXContainerItemProxy;
			containerPortal = D866559F1FDD22D200A8A01E /* Project object */;
			proxyType = 1;
			remoteGlobalIDString = D875D4B61FEE6D27003E680B;
			remoteInfo = NotificationServiceExtension;
		};
/* End PBXContainerItemProxy section */

/* Begin PBXCopyFilesBuildPhase section */
		D875D4C31FEE6D27003E680B /* Embed App Extensions */ = {
			isa = PBXCopyFilesBuildPhase;
			buildActionMask = 12;
			dstPath = "";
			dstSubfolderSpec = 13;
			files = (
				D875D4BF1FEE6D27003E680B /* NotificationServiceExtension.appex in Embed App Extensions */,
			);
			name = "Embed App Extensions";
			runOnlyForDeploymentPostprocessing = 0;
		};
/* End PBXCopyFilesBuildPhase section */

/* Begin PBXFileReference section */
		D86655A71FDD22D200A8A01E /* AzurePushTest.app */ = {isa = PBXFileReference; explicitFileType = wrapper.application; includeInIndex = 0; path = AzurePushTest.app; sourceTree = BUILT_PRODUCTS_DIR; };
		D86655AA1FDD22D200A8A01E /* AppDelegate.h */ = {isa = PBXFileReference; lastKnownFileType = sourcecode.c.h; path = AppDelegate.h; sourceTree = "<group>"; };
		D86655AB1FDD22D200A8A01E /* AppDelegate.m */ = {isa = PBXFileReference; lastKnownFileType = sourcecode.c.objc; path = AppDelegate.m; sourceTree = "<group>"; };
		D86655AD1FDD22D200A8A01E /* ViewController.h */ = {isa = PBXFileReference; lastKnownFileType = sourcecode.c.h; path = ViewController.h; sourceTree = "<group>"; };
		D86655AE1FDD22D200A8A01E /* ViewController.m */ = {isa = PBXFileReference; lastKnownFileType = sourcecode.c.objc; path = ViewController.m; sourceTree = "<group>"; };
		D86655B11FDD22D200A8A01E /* Base */ = {isa = PBXFileReference; lastKnownFileType = file.storyboard; name = Base; path = Base.lproj/Main.storyboard; sourceTree = "<group>"; };
		D86655B31FDD22D200A8A01E /* Assets.xcassets */ = {isa = PBXFileReference; lastKnownFileType = folder.assetcatalog; path = Assets.xcassets; sourceTree = "<group>"; };
		D86655B61FDD22D200A8A01E /* Base */ = {isa = PBXFileReference; lastKnownFileType = file.storyboard; name = Base; path = Base.lproj/LaunchScreen.storyboard; sourceTree = "<group>"; };
		D86655B81FDD22D200A8A01E /* Info.plist */ = {isa = PBXFileReference; lastKnownFileType = text.plist.xml; path = Info.plist; sourceTree = "<group>"; };
		D86655B91FDD22D200A8A01E /* main.m */ = {isa = PBXFileReference; lastKnownFileType = sourcecode.c.objc; path = main.m; sourceTree = "<group>"; };
		D86655C41FDD2C0700A8A01E /* HubInfo.h */ = {isa = PBXFileReference; lastKnownFileType = sourcecode.c.h; path = HubInfo.h; sourceTree = "<group>"; };
		D86655C51FDD36D300A8A01E /* AzurePushTest.entitlements */ = {isa = PBXFileReference; lastKnownFileType = text.plist.entitlements; path = AzurePushTest.entitlements; sourceTree = "<group>"; };
		D875D4B71FEE6D27003E680B /* NotificationServiceExtension.appex */ = {isa = PBXFileReference; explicitFileType = "wrapper.app-extension"; includeInIndex = 0; path = NotificationServiceExtension.appex; sourceTree = BUILT_PRODUCTS_DIR; };
		D875D4B91FEE6D27003E680B /* NotificationService.h */ = {isa = PBXFileReference; lastKnownFileType = sourcecode.c.h; path = NotificationService.h; sourceTree = "<group>"; };
		D875D4BA1FEE6D27003E680B /* NotificationService.m */ = {isa = PBXFileReference; lastKnownFileType = sourcecode.c.objc; path = NotificationService.m; sourceTree = "<group>"; };
		D875D4BC1FEE6D27003E680B /* Info.plist */ = {isa = PBXFileReference; lastKnownFileType = text.plist.xml; path = Info.plist; sourceTree = "<group>"; };
		D875D4CA1FEE9947003E680B /* UserNotifications.framework */ = {isa = PBXFileReference; lastKnownFileType = wrapper.framework; name = UserNotifications.framework; path = System/Library/Frameworks/UserNotifications.framework; sourceTree = SDKROOT; };
		D875D4CC1FEE9947003E680B /* UserNotificationsUI.framework */ = {isa = PBXFileReference; lastKnownFileType = wrapper.framework; name = UserNotificationsUI.framework; path = System/Library/Frameworks/UserNotificationsUI.framework; sourceTree = SDKROOT; };
		D878DB641FDD4C3900D8ECA5 /* RegisterClient.h */ = {isa = PBXFileReference; lastKnownFileType = sourcecode.c.h; path = RegisterClient.h; sourceTree = "<group>"; };
		D878DB651FDD4C3900D8ECA5 /* RegisterClient.m */ = {isa = PBXFileReference; lastKnownFileType = sourcecode.c.objc; path = RegisterClient.m; sourceTree = "<group>"; };
/* End PBXFileReference section */

/* Begin PBXFrameworksBuildPhase section */
		D86655A41FDD22D200A8A01E /* Frameworks */ = {
			isa = PBXFrameworksBuildPhase;
			buildActionMask = 2147483647;
			files = (
			);
			runOnlyForDeploymentPostprocessing = 0;
		};
		D875D4B41FEE6D27003E680B /* Frameworks */ = {
			isa = PBXFrameworksBuildPhase;
			buildActionMask = 2147483647;
			files = (
			);
			runOnlyForDeploymentPostprocessing = 0;
		};
/* End PBXFrameworksBuildPhase section */

/* Begin PBXGroup section */
		D866559E1FDD22D200A8A01E = {
			isa = PBXGroup;
			children = (
				D86655A91FDD22D200A8A01E /* AzurePushTest */,
				D875D4B81FEE6D27003E680B /* NotificationServiceExtension */,
				D875D4C91FEE9947003E680B /* Frameworks */,
				D86655A81FDD22D200A8A01E /* Products */,
			);
			sourceTree = "<group>";
		};
		D86655A81FDD22D200A8A01E /* Products */ = {
			isa = PBXGroup;
			children = (
				D86655A71FDD22D200A8A01E /* AzurePushTest.app */,
				D875D4B71FEE6D27003E680B /* NotificationServiceExtension.appex */,
			);
			name = Products;
			sourceTree = "<group>";
		};
		D86655A91FDD22D200A8A01E /* AzurePushTest */ = {
			isa = PBXGroup;
			children = (
				D86655C51FDD36D300A8A01E /* AzurePushTest.entitlements */,
				D86655AA1FDD22D200A8A01E /* AppDelegate.h */,
				D86655AB1FDD22D200A8A01E /* AppDelegate.m */,
				D86655AD1FDD22D200A8A01E /* ViewController.h */,
				D86655AE1FDD22D200A8A01E /* ViewController.m */,
				D86655B01FDD22D200A8A01E /* Main.storyboard */,
				D86655B31FDD22D200A8A01E /* Assets.xcassets */,
				D86655B51FDD22D200A8A01E /* LaunchScreen.storyboard */,
				D86655B81FDD22D200A8A01E /* Info.plist */,
				D86655B91FDD22D200A8A01E /* main.m */,
				D86655C41FDD2C0700A8A01E /* HubInfo.h */,
				D878DB641FDD4C3900D8ECA5 /* RegisterClient.h */,
				D878DB651FDD4C3900D8ECA5 /* RegisterClient.m */,
			);
			path = AzurePushTest;
			sourceTree = "<group>";
		};
		D875D4B81FEE6D27003E680B /* NotificationServiceExtension */ = {
			isa = PBXGroup;
			children = (
				D875D4B91FEE6D27003E680B /* NotificationService.h */,
				D875D4BA1FEE6D27003E680B /* NotificationService.m */,
				D875D4BC1FEE6D27003E680B /* Info.plist */,
			);
			path = NotificationServiceExtension;
			sourceTree = "<group>";
		};
		D875D4C91FEE9947003E680B /* Frameworks */ = {
			isa = PBXGroup;
			children = (
				D875D4CA1FEE9947003E680B /* UserNotifications.framework */,
				D875D4CC1FEE9947003E680B /* UserNotificationsUI.framework */,
			);
			name = Frameworks;
			sourceTree = "<group>";
		};
/* End PBXGroup section */

/* Begin PBXNativeTarget section */
		D86655A61FDD22D200A8A01E /* AzurePushTest */ = {
			isa = PBXNativeTarget;
			buildConfigurationList = D86655BD1FDD22D200A8A01E /* Build configuration list for PBXNativeTarget "AzurePushTest" */;
			buildPhases = (
				D86655A31FDD22D200A8A01E /* Sources */,
				D86655A41FDD22D200A8A01E /* Frameworks */,
				D86655A51FDD22D200A8A01E /* Resources */,
				D875D4C31FEE6D27003E680B /* Embed App Extensions */,
			);
			buildRules = (
			);
			dependencies = (
				D875D4BE1FEE6D27003E680B /* PBXTargetDependency */,
			);
			name = AzurePushTest;
			productName = AzurePushTest;
			productReference = D86655A71FDD22D200A8A01E /* AzurePushTest.app */;
			productType = "com.apple.product-type.application";
		};
		D875D4B61FEE6D27003E680B /* NotificationServiceExtension */ = {
			isa = PBXNativeTarget;
			buildConfigurationList = D875D4C21FEE6D27003E680B /* Build configuration list for PBXNativeTarget "NotificationServiceExtension" */;
			buildPhases = (
				D875D4B31FEE6D27003E680B /* Sources */,
				D875D4B41FEE6D27003E680B /* Frameworks */,
				D875D4B51FEE6D27003E680B /* Resources */,
			);
			buildRules = (
			);
			dependencies = (
			);
			name = NotificationServiceExtension;
			productName = NotificationServiceExtension;
			productReference = D875D4B71FEE6D27003E680B /* NotificationServiceExtension.appex */;
			productType = "com.apple.product-type.app-extension";
		};
/* End PBXNativeTarget section */

/* Begin PBXProject section */
		D866559F1FDD22D200A8A01E /* Project object */ = {
			isa = PBXProject;
			attributes = {
				LastUpgradeCheck = 0910;
				ORGANIZATIONNAME = Dvok;
				TargetAttributes = {
					D86655A61FDD22D200A8A01E = {
						CreatedOnToolsVersion = 9.1;
						ProvisioningStyle = Automatic;
						SystemCapabilities = {
							com.apple.Push = {
								enabled = 1;
							};
						};
					};
					D875D4B61FEE6D27003E680B = {
						CreatedOnToolsVersion = 9.1;
						ProvisioningStyle = Automatic;
					};
				};
			};
			buildConfigurationList = D86655A21FDD22D200A8A01E /* Build configuration list for PBXProject "AzurePushTest" */;
			compatibilityVersion = "Xcode 8.0";
			developmentRegion = en;
			hasScannedForEncodings = 0;
			knownRegions = (
				en,
				Base,
			);
			mainGroup = D866559E1FDD22D200A8A01E;
			productRefGroup = D86655A81FDD22D200A8A01E /* Products */;
			projectDirPath = "";
			projectRoot = "";
			targets = (
				D86655A61FDD22D200A8A01E /* AzurePushTest */,
				D875D4B61FEE6D27003E680B /* NotificationServiceExtension */,
			);
		};
/* End PBXProject section */

/* Begin PBXResourcesBuildPhase section */
		D86655A51FDD22D200A8A01E /* Resources */ = {
			isa = PBXResourcesBuildPhase;
			buildActionMask = 2147483647;
			files = (
				D86655B71FDD22D200A8A01E /* LaunchScreen.storyboard in Resources */,
				D86655B41FDD22D200A8A01E /* Assets.xcassets in Resources */,
				D86655B21FDD22D200A8A01E /* Main.storyboard in Resources */,
			);
			runOnlyForDeploymentPostprocessing = 0;
		};
		D875D4B51FEE6D27003E680B /* Resources */ = {
			isa = PBXResourcesBuildPhase;
			buildActionMask = 2147483647;
			files = (
			);
			runOnlyForDeploymentPostprocessing = 0;
		};
/* End PBXResourcesBuildPhase section */

/* Begin PBXSourcesBuildPhase section */
		D86655A31FDD22D200A8A01E /* Sources */ = {
			isa = PBXSourcesBuildPhase;
			buildActionMask = 2147483647;
			files = (
				D86655AF1FDD22D200A8A01E /* ViewController.m in Sources */,
				D86655BA1FDD22D200A8A01E /* main.m in Sources */,
				D86655AC1FDD22D200A8A01E /* AppDelegate.m in Sources */,
				D878DB661FDD4C3900D8ECA5 /* RegisterClient.m in Sources */,
			);
			runOnlyForDeploymentPostprocessing = 0;
		};
		D875D4B31FEE6D27003E680B /* Sources */ = {
			isa = PBXSourcesBuildPhase;
			buildActionMask = 2147483647;
			files = (
				D875D4BB1FEE6D27003E680B /* NotificationService.m in Sources */,
			);
			runOnlyForDeploymentPostprocessing = 0;
		};
/* End PBXSourcesBuildPhase section */

/* Begin PBXTargetDependency section */
		D875D4BE1FEE6D27003E680B /* PBXTargetDependency */ = {
			isa = PBXTargetDependency;
			target = D875D4B61FEE6D27003E680B /* NotificationServiceExtension */;
			targetProxy = D875D4BD1FEE6D27003E680B /* PBXContainerItemProxy */;
		};
/* End PBXTargetDependency section */

/* Begin PBXVariantGroup section */
		D86655B01FDD22D200A8A01E /* Main.storyboard */ = {
			isa = PBXVariantGroup;
			children = (
				D86655B11FDD22D200A8A01E /* Base */,
			);
			name = Main.storyboard;
			sourceTree = "<group>";
		};
		D86655B51FDD22D200A8A01E /* LaunchScreen.storyboard */ = {
			isa = PBXVariantGroup;
			children = (
				D86655B61FDD22D200A8A01E /* Base */,
			);
			name = LaunchScreen.storyboard;
			sourceTree = "<group>";
		};
/* End PBXVariantGroup section */

/* Begin XCBuildConfiguration section */
		D86655BB1FDD22D200A8A01E /* Debug */ = {
			isa = XCBuildConfiguration;
			buildSettings = {
				ALWAYS_SEARCH_USER_PATHS = NO;
				CLANG_ANALYZER_NONNULL = YES;
				CLANG_ANALYZER_NUMBER_OBJECT_CONVERSION = YES_AGGRESSIVE;
				CLANG_CXX_LANGUAGE_STANDARD = "gnu++14";
				CLANG_CXX_LIBRARY = "libc++";
				CLANG_ENABLE_MODULES = YES;
				CLANG_ENABLE_OBJC_ARC = YES;
				CLANG_WARN_BLOCK_CAPTURE_AUTORELEASING = YES;
				CLANG_WARN_BOOL_CONVERSION = YES;
				CLANG_WARN_COMMA = YES;
				CLANG_WARN_CONSTANT_CONVERSION = YES;
				CLANG_WARN_DIRECT_OBJC_ISA_USAGE = YES_ERROR;
				CLANG_WARN_DOCUMENTATION_COMMENTS = YES;
				CLANG_WARN_EMPTY_BODY = YES;
				CLANG_WARN_ENUM_CONVERSION = YES;
				CLANG_WARN_INFINITE_RECURSION = YES;
				CLANG_WARN_INT_CONVERSION = YES;
				CLANG_WARN_NON_LITERAL_NULL_CONVERSION = YES;
				CLANG_WARN_OBJC_LITERAL_CONVERSION = YES;
				CLANG_WARN_OBJC_ROOT_CLASS = YES_ERROR;
				CLANG_WARN_RANGE_LOOP_ANALYSIS = YES;
				CLANG_WARN_STRICT_PROTOTYPES = YES;
				CLANG_WARN_SUSPICIOUS_MOVE = YES;
				CLANG_WARN_UNGUARDED_AVAILABILITY = YES_AGGRESSIVE;
				CLANG_WARN_UNREACHABLE_CODE = YES;
				CLANG_WARN__DUPLICATE_METHOD_MATCH = YES;
				CODE_SIGN_IDENTITY = "iPhone Developer";
				COPY_PHASE_STRIP = NO;
				DEBUG_INFORMATION_FORMAT = dwarf;
				ENABLE_STRICT_OBJC_MSGSEND = YES;
				ENABLE_TESTABILITY = YES;
				GCC_C_LANGUAGE_STANDARD = gnu11;
				GCC_DYNAMIC_NO_PIC = NO;
				GCC_NO_COMMON_BLOCKS = YES;
				GCC_OPTIMIZATION_LEVEL = 0;
				GCC_PREPROCESSOR_DEFINITIONS = (
					"DEBUG=1",
					"$(inherited)",
				);
				GCC_WARN_64_TO_32_BIT_CONVERSION = YES;
				GCC_WARN_ABOUT_RETURN_TYPE = YES_ERROR;
				GCC_WARN_UNDECLARED_SELECTOR = YES;
				GCC_WARN_UNINITIALIZED_AUTOS = YES_AGGRESSIVE;
				GCC_WARN_UNUSED_FUNCTION = YES;
				GCC_WARN_UNUSED_VARIABLE = YES;
				IPHONEOS_DEPLOYMENT_TARGET = 11.1;
				MTL_ENABLE_DEBUG_INFO = YES;
				ONLY_ACTIVE_ARCH = YES;
				SDKROOT = iphoneos;
			};
			name = Debug;
		};
		D86655BC1FDD22D200A8A01E /* Release */ = {
			isa = XCBuildConfiguration;
			buildSettings = {
				ALWAYS_SEARCH_USER_PATHS = NO;
				CLANG_ANALYZER_NONNULL = YES;
				CLANG_ANALYZER_NUMBER_OBJECT_CONVERSION = YES_AGGRESSIVE;
				CLANG_CXX_LANGUAGE_STANDARD = "gnu++14";
				CLANG_CXX_LIBRARY = "libc++";
				CLANG_ENABLE_MODULES = YES;
				CLANG_ENABLE_OBJC_ARC = YES;
				CLANG_WARN_BLOCK_CAPTURE_AUTORELEASING = YES;
				CLANG_WARN_BOOL_CONVERSION = YES;
				CLANG_WARN_COMMA = YES;
				CLANG_WARN_CONSTANT_CONVERSION = YES;
				CLANG_WARN_DIRECT_OBJC_ISA_USAGE = YES_ERROR;
				CLANG_WARN_DOCUMENTATION_COMMENTS = YES;
				CLANG_WARN_EMPTY_BODY = YES;
				CLANG_WARN_ENUM_CONVERSION = YES;
				CLANG_WARN_INFINITE_RECURSION = YES;
				CLANG_WARN_INT_CONVERSION = YES;
				CLANG_WARN_NON_LITERAL_NULL_CONVERSION = YES;
				CLANG_WARN_OBJC_LITERAL_CONVERSION = YES;
				CLANG_WARN_OBJC_ROOT_CLASS = YES_ERROR;
				CLANG_WARN_RANGE_LOOP_ANALYSIS = YES;
				CLANG_WARN_STRICT_PROTOTYPES = YES;
				CLANG_WARN_SUSPICIOUS_MOVE = YES;
				CLANG_WARN_UNGUARDED_AVAILABILITY = YES_AGGRESSIVE;
				CLANG_WARN_UNREACHABLE_CODE = YES;
				CLANG_WARN__DUPLICATE_METHOD_MATCH = YES;
				CODE_SIGN_IDENTITY = "iPhone Developer";
				COPY_PHASE_STRIP = NO;
				DEBUG_INFORMATION_FORMAT = "dwarf-with-dsym";
				ENABLE_NS_ASSERTIONS = NO;
				ENABLE_STRICT_OBJC_MSGSEND = YES;
				GCC_C_LANGUAGE_STANDARD = gnu11;
				GCC_NO_COMMON_BLOCKS = YES;
				GCC_WARN_64_TO_32_BIT_CONVERSION = YES;
				GCC_WARN_ABOUT_RETURN_TYPE = YES_ERROR;
				GCC_WARN_UNDECLARED_SELECTOR = YES;
				GCC_WARN_UNINITIALIZED_AUTOS = YES_AGGRESSIVE;
				GCC_WARN_UNUSED_FUNCTION = YES;
				GCC_WARN_UNUSED_VARIABLE = YES;
				IPHONEOS_DEPLOYMENT_TARGET = 11.1;
				MTL_ENABLE_DEBUG_INFO = NO;
				SDKROOT = iphoneos;
				VALIDATE_PRODUCT = YES;
			};
			name = Release;
		};
		D86655BE1FDD22D200A8A01E /* Debug */ = {
			isa = XCBuildConfiguration;
			buildSettings = {
				ASSETCATALOG_COMPILER_APPICON_NAME = AppIcon;
				CODE_SIGN_ENTITLEMENTS = AzurePushTest/AzurePushTest.entitlements;
				CODE_SIGN_IDENTITY = "iPhone Developer";
				"CODE_SIGN_IDENTITY[sdk=iphoneos*]" = "iPhone Developer";
				CODE_SIGN_STYLE = Automatic;
				DEVELOPMENT_TEAM = X6R3GG332F;
				ENABLE_BITCODE = NO;
				FRAMEWORK_SEARCH_PATHS = (
					"$(inherited)",
					"$(PROJECT_DIR)",
				);
				INFOPLIST_FILE = AzurePushTest/Info.plist;
				IPHONEOS_DEPLOYMENT_TARGET = 11.1;
				LD_RUNPATH_SEARCH_PATHS = "$(inherited) @executable_path/Frameworks";
				PRODUCT_BUNDLE_IDENTIFIER = Dvok.AzurePushTest;
				PRODUCT_NAME = "$(TARGET_NAME)";
				PROVISIONING_PROFILE = "";
				PROVISIONING_PROFILE_SPECIFIER = "";
				TARGETED_DEVICE_FAMILY = "1,2";
			};
			name = Debug;
		};
		D86655BF1FDD22D200A8A01E /* Release */ = {
			isa = XCBuildConfiguration;
			buildSettings = {
				ASSETCATALOG_COMPILER_APPICON_NAME = AppIcon;
				CODE_SIGN_ENTITLEMENTS = AzurePushTest/AzurePushTest.entitlements;
				CODE_SIGN_IDENTITY = "iPhone Developer";
				"CODE_SIGN_IDENTITY[sdk=iphoneos*]" = "iPhone Developer";
				CODE_SIGN_STYLE = Automatic;
				DEVELOPMENT_TEAM = X6R3GG332F;
				ENABLE_BITCODE = NO;
				FRAMEWORK_SEARCH_PATHS = (
					"$(inherited)",
					"$(PROJECT_DIR)",
				);
				INFOPLIST_FILE = AzurePushTest/Info.plist;
				IPHONEOS_DEPLOYMENT_TARGET = 11.1;
				LD_RUNPATH_SEARCH_PATHS = "$(inherited) @executable_path/Frameworks";
				PRODUCT_BUNDLE_IDENTIFIER = Dvok.AzurePushTest;
				PRODUCT_NAME = "$(TARGET_NAME)";
				PROVISIONING_PROFILE = "";
				PROVISIONING_PROFILE_SPECIFIER = "";
				TARGETED_DEVICE_FAMILY = "1,2";
			};
			name = Release;
		};
		D875D4C01FEE6D27003E680B /* Debug */ = {
			isa = XCBuildConfiguration;
			buildSettings = {
				CODE_SIGN_IDENTITY = "iPhone Developer";
				"CODE_SIGN_IDENTITY[sdk=iphoneos*]" = "iPhone Developer";
				CODE_SIGN_STYLE = Automatic;
				DEVELOPMENT_TEAM = X6R3GG332F;
				INFOPLIST_FILE = NotificationServiceExtension/Info.plist;
				IPHONEOS_DEPLOYMENT_TARGET = 11.1;
				LD_RUNPATH_SEARCH_PATHS = "$(inherited) @executable_path/Frameworks @executable_path/../../Frameworks";
				PRODUCT_BUNDLE_IDENTIFIER = Dvok.AzurePushTest.NotificationServiceExtension;
				PRODUCT_NAME = "$(TARGET_NAME)";
				PROVISIONING_PROFILE_SPECIFIER = "";
				SKIP_INSTALL = YES;
				TARGETED_DEVICE_FAMILY = "1,2";
			};
			name = Debug;
		};
		D875D4C11FEE6D27003E680B /* Release */ = {
			isa = XCBuildConfiguration;
			buildSettings = {
				CODE_SIGN_IDENTITY = "iPhone Developer";
				"CODE_SIGN_IDENTITY[sdk=iphoneos*]" = "iPhone Developer";
				CODE_SIGN_STYLE = Automatic;
				DEVELOPMENT_TEAM = X6R3GG332F;
				INFOPLIST_FILE = NotificationServiceExtension/Info.plist;
				IPHONEOS_DEPLOYMENT_TARGET = 11.1;
				LD_RUNPATH_SEARCH_PATHS = "$(inherited) @executable_path/Frameworks @executable_path/../../Frameworks";
				PRODUCT_BUNDLE_IDENTIFIER = Dvok.AzurePushTest.NotificationServiceExtension;
				PRODUCT_NAME = "$(TARGET_NAME)";
				PROVISIONING_PROFILE_SPECIFIER = "";
				SKIP_INSTALL = YES;
				TARGETED_DEVICE_FAMILY = "1,2";
			};
			name = Release;
		};
/* End XCBuildConfiguration section */

/* Begin XCConfigurationList section */
		D86655A21FDD22D200A8A01E /* Build configuration list for PBXProject "AzurePushTest" */ = {
			isa = XCConfigurationList;
			buildConfigurations = (
				D86655BB1FDD22D200A8A01E /* Debug */,
				D86655BC1FDD22D200A8A01E /* Release */,
			);
			defaultConfigurationIsVisible = 0;
			defaultConfigurationName = Release;
		};
		D86655BD1FDD22D200A8A01E /* Build configuration list for PBXNativeTarget "AzurePushTest" */ = {
			isa = XCConfigurationList;
			buildConfigurations = (
				D86655BE1FDD22D200A8A01E /* Debug */,
				D86655BF1FDD22D200A8A01E /* Release */,
			);
			defaultConfigurationIsVisible = 0;
			defaultConfigurationName = Release;
		};
		D875D4C21FEE6D27003E680B /* Build configuration list for PBXNativeTarget "NotificationServiceExtension" */ = {
			isa = XCConfigurationList;
			buildConfigurations = (
				D875D4C01FEE6D27003E680B /* Debug */,
				D875D4C11FEE6D27003E680B /* Release */,
			);
			defaultConfigurationIsVisible = 0;
			defaultConfigurationName = Release;
		};
/* End XCConfigurationList section */
	};
	rootObject = D866559F1FDD22D200A8A01E /* Project object */;
}
